
Microsoft Visual Studio Solution File, Format Version 12.00
# Visual Studio Version 16
VisualStudioVersion = 16.0.31321.278
MinimumVisualStudioVersion = 10.0.40219.1
Project("{FAE04EC0-301F-11D3-BF4B-00C04F79EFBC}") = "CAGenericDelegate", "CAGenericDelegate\CAGenericDelegate.csproj", "{5A15449D-7A6A-4659-88DB-35C49E41DFB6}"
EndProject
Global
	GlobalSection(SolutionConfigurationPlatforms) = preSolution
		Debug|Any CPU = Debug|Any CPU
		Release|Any CPU = Release|Any CPU
	EndGlobalSection
	GlobalSection(ProjectConfigurationPlatforms) = postSolution
		{5A15449D-7A6A-4659-88DB-35C49E41DFB6}.Debug|Any CPU.ActiveCfg = Debug|Any CPU
		{5A15449D-7A6A-4659-88DB-35C49E41DFB6}.Debug|Any CPU.Build.0 = Debug|Any CPU
		{5A15449D-7A6A-4659-88DB-35C49E41DFB6}.Release|Any CPU.ActiveCfg = Release|Any CPU
		{5A15449D-7A6A-4659-88DB-35C49E41DFB6}.Release|Any CPU.Build.0 = Release|Any CPU
	EndGlobalSection
	GlobalSection(SolutionProperties) = preSolution
		HideSolutionNode = FALSE
	EndGlobalSection
	GlobalSection(ExtensibilityGlobals) = postSolution
		SolutionGuid = {A2AD07E9-A118-420C-AE7B-D7B6FAAFA028}
	EndGlobalSection
EndGlobal
